
Microsoft Visual Studio Solution File, Format Version 12.00
# Visual Studio Version 17
VisualStudioVersion = 17.14.36221.1
MinimumVisualStudioVersion = 10.0.40219.1
Project("{FAE04EC0-301F-11D3-BF4B-00C04F79EFBC}") = "Udelascore.Negocio", "Udelascore.Negocio\Udelascore.Negocio.csproj", "{5CAB54F6-B96C-445E-B30A-613C2392F1DC}"
EndProject
Project("{FAE04EC0-301F-11D3-BF4B-00C04F79EFBC}") = "SistemaTernas", "SistemaTernas\SistemaTernas.csproj", "{2A5FA338-C624-4122-9411-17429529D389}"
EndProject
Global
	GlobalSection(SolutionConfigurationPlatforms) = preSolution
		Debug|Any CPU = Debug|Any CPU
		Release|Any CPU = Release|Any CPU
	EndGlobalSection
	GlobalSection(ProjectConfigurationPlatforms) = postSolution
		{5CAB54F6-B96C-445E-B30A-613C2392F1DC}.Debug|Any CPU.ActiveCfg = Debug|Any CPU
		{5CAB54F6-B96C-445E-B30A-613C2392F1DC}.Debug|Any CPU.Build.0 = Debug|Any CPU
		{5CAB54F6-B96C-445E-B30A-613C2392F1DC}.Release|Any CPU.ActiveCfg = Release|Any CPU
		{5CAB54F6-B96C-445E-B30A-613C2392F1DC}.Release|Any CPU.Build.0 = Release|Any CPU
		{2A5FA338-C624-4122-9411-17429529D389}.Debug|Any CPU.ActiveCfg = Debug|Any CPU
		{2A5FA338-C624-4122-9411-17429529D389}.Debug|Any CPU.Build.0 = Debug|Any CPU
		{2A5FA338-C624-4122-9411-17429529D389}.Release|Any CPU.ActiveCfg = Release|Any CPU
		{2A5FA338-C624-4122-9411-17429529D389}.Release|Any CPU.Build.0 = Release|Any CPU
	EndGlobalSection
	GlobalSection(SolutionProperties) = preSolution
		HideSolutionNode = FALSE
	EndGlobalSection
	GlobalSection(ExtensibilityGlobals) = postSolution
		SolutionGuid = {33DF63EE-36FB-401C-8406-4F72357ED9D1}
	EndGlobalSection
EndGlobal
